
Microsoft Visual Studio Solution File, Format Version 12.00
# Visual Studio 15
VisualStudioVersion = 15.0.28307.271
MinimumVisualStudioVersion = 10.0.40219.1
Project("{FAE04EC0-301F-11D3-BF4B-00C04F79EFBC}") = "WebInAction", "WebInAction\WebInAction.csproj", "{2F6AB596-3B56-4F5F-A84F-C4F7B86B8415}"
EndProject
Global
	GlobalSection(SolutionConfigurationPlatforms) = preSolution
		Debug|Any CPU = Debug|Any CPU
		Release|Any CPU = Release|Any CPU
	EndGlobalSection
	GlobalSection(ProjectConfigurationPlatforms) = postSolution
		{2F6AB596-3B56-4F5F-A84F-C4F7B86B8415}.Debug|Any CPU.ActiveCfg = Debug|Any CPU
		{2F6AB596-3B56-4F5F-A84F-C4F7B86B8415}.Debug|Any CPU.Build.0 = Debug|Any CPU
		{2F6AB596-3B56-4F5F-A84F-C4F7B86B8415}.Release|Any CPU.ActiveCfg = Release|Any CPU
		{2F6AB596-3B56-4F5F-A84F-C4F7B86B8415}.Release|Any CPU.Build.0 = Release|Any CPU
	EndGlobalSection
	GlobalSection(SolutionProperties) = preSolution
		HideSolutionNode = FALSE
	EndGlobalSection
	GlobalSection(ExtensibilityGlobals) = postSolution
		SolutionGuid = {7150BC6B-936C-4C54-988F-762B262551D6}
	EndGlobalSection
EndGlobal
